// !$*UTF8*$!
{
	archiveVersion = 1;
	classes = {
	};
	objectVersion = 56;
	objects = {

/* Begin PBXBuildFile section */
		3E2B9F15B048F2295D0AB050 /* Pods_MyColorMemoApp.framework in Frameworks */ = {isa = PBXBuildFile; fileRef = 39E16247C713B19E4C605B4F /* Pods_MyColorMemoApp.framework */; };
		6077FEEC2CB5714600F1AFB6 /* MyColorType.swift in Sources */ = {isa = PBXBuildFile; fileRef = 6077FEEB2CB5714600F1AFB6 /* MyColorType.swift */; };
		60E9D0232CB1A14E00CF7F35 /* AppDelegate.swift in Sources */ = {isa = PBXBuildFile; fileRef = 60E9D0222CB1A14E00CF7F35 /* AppDelegate.swift */; };
		60E9D0252CB1A14E00CF7F35 /* SceneDelegate.swift in Sources */ = {isa = PBXBuildFile; fileRef = 60E9D0242CB1A14E00CF7F35 /* SceneDelegate.swift */; };
		60E9D02A2CB1A14E00CF7F35 /* Base in Resources */ = {isa = PBXBuildFile; fileRef = 60E9D0292CB1A14E00CF7F35 /* Base */; };
		60E9D02C2CB1A15100CF7F35 /* Assets.xcassets in Resources */ = {isa = PBXBuildFile; fileRef = 60E9D02B2CB1A15100CF7F35 /* Assets.xcassets */; };
		60E9D02F2CB1A15100CF7F35 /* Base in Resources */ = {isa = PBXBuildFile; fileRef = 60E9D02E2CB1A15100CF7F35 /* Base */; };
		60E9D0372CB1A73500CF7F35 /* HomeViewController.swift in Sources */ = {isa = PBXBuildFile; fileRef = 60E9D0362CB1A73500CF7F35 /* HomeViewController.swift */; };
		60EFD02D2CB2C6C400A012E2 /* MemoDataModel.swift in Sources */ = {isa = PBXBuildFile; fileRef = 60EFD02C2CB2C6C400A012E2 /* MemoDataModel.swift */; };
		60EFD02F2CB2CC1000A012E2 /* MemoDetailViewController.swift in Sources */ = {isa = PBXBuildFile; fileRef = 60EFD02E2CB2CC1000A012E2 /* MemoDetailViewController.swift */; };
/* End PBXBuildFile section */

/* Begin PBXFileReference section */
		39E16247C713B19E4C605B4F /* Pods_MyColorMemoApp.framework */ = {isa = PBXFileReference; explicitFileType = wrapper.framework; includeInIndex = 0; path = Pods_MyColorMemoApp.framework; sourceTree = BUILT_PRODUCTS_DIR; };
		432479AFE039D6D6F25EFB0D /* Pods-MyColorMemoApp.debug.xcconfig */ = {isa = PBXFileReference; includeInIndex = 1; lastKnownFileType = text.xcconfig; name = "Pods-MyColorMemoApp.debug.xcconfig"; path = "Target Support Files/Pods-MyColorMemoApp/Pods-MyColorMemoApp.debug.xcconfig"; sourceTree = "<group>"; };
		6077FEEB2CB5714600F1AFB6 /* MyColorType.swift */ = {isa = PBXFileReference; lastKnownFileType = sourcecode.swift; path = MyColorType.swift; sourceTree = "<group>"; };
		60E9D01F2CB1A14E00CF7F35 /* MyColorMemoApp.app */ = {isa = PBXFileReference; explicitFileType = wrapper.application; includeInIndex = 0; path = MyColorMemoApp.app; sourceTree = BUILT_PRODUCTS_DIR; };
		60E9D0222CB1A14E00CF7F35 /* AppDelegate.swift */ = {isa = PBXFileReference; lastKnownFileType = sourcecode.swift; path = AppDelegate.swift; sourceTree = "<group>"; };
		60E9D0242CB1A14E00CF7F35 /* SceneDelegate.swift */ = {isa = PBXFileReference; lastKnownFileType = sourcecode.swift; path = SceneDelegate.swift; sourceTree = "<group>"; };
		60E9D0292CB1A14E00CF7F35 /* Base */ = {isa = PBXFileReference; lastKnownFileType = file.storyboard; name = Base; path = Base.lproj/Main.storyboard; sourceTree = "<group>"; };
		60E9D02B2CB1A15100CF7F35 /* Assets.xcassets */ = {isa = PBXFileReference; lastKnownFileType = folder.assetcatalog; path = Assets.xcassets; sourceTree = "<group>"; };
		60E9D02E2CB1A15100CF7F35 /* Base */ = {isa = PBXFileReference; lastKnownFileType = file.storyboard; name = Base; path = Base.lproj/LaunchScreen.storyboard; sourceTree = "<group>"; };
		60E9D0302CB1A15100CF7F35 /* Info.plist */ = {isa = PBXFileReference; lastKnownFileType = text.plist.xml; path = Info.plist; sourceTree = "<group>"; };
		60E9D0362CB1A73500CF7F35 /* HomeViewController.swift */ = {isa = PBXFileReference; lastKnownFileType = sourcecode.swift; path = HomeViewController.swift; sourceTree = "<group>"; };
		60EFD02C2CB2C6C400A012E2 /* MemoDataModel.swift */ = {isa = PBXFileReference; lastKnownFileType = sourcecode.swift; path = MemoDataModel.swift; sourceTree = "<group>"; };
		60EFD02E2CB2CC1000A012E2 /* MemoDetailViewController.swift */ = {isa = PBXFileReference; lastKnownFileType = sourcecode.swift; path = MemoDetailViewController.swift; sourceTree = "<group>"; };
		91F5FFCAF9E0DADC1D8EA4EA /* Pods-MyColorMemoApp.release.xcconfig */ = {isa = PBXFileReference; includeInIndex = 1; lastKnownFileType = text.xcconfig; name = "Pods-MyColorMemoApp.release.xcconfig"; path = "Target Support Files/Pods-MyColorMemoApp/Pods-MyColorMemoApp.release.xcconfig"; sourceTree = "<group>"; };
/* End PBXFileReference section */

/* Begin PBXFrameworksBuildPhase section */
		60E9D01C2CB1A14E00CF7F35 /* Frameworks */ = {
			isa = PBXFrameworksBuildPhase;
			buildActionMask = 2147483647;
			files = (
				3E2B9F15B048F2295D0AB050 /* Pods_MyColorMemoApp.framework in Frameworks */,
			);
			runOnlyForDeploymentPostprocessing = 0;
		};
/* End PBXFrameworksBuildPhase section */

/* Begin PBXGroup section */
		60E9D0162CB1A14E00CF7F35 = {
			isa = PBXGroup;
			children = (
				60E9D0212CB1A14E00CF7F35 /* MyColorMemoApp */,
				60E9D0202CB1A14E00CF7F35 /* Products */,
				81FD83937522E5F0A5606C84 /* Pods */,
				749F9641E74EEECF993D9A8F /* Frameworks */,
			);
			sourceTree = "<group>";
		};
		60E9D0202CB1A14E00CF7F35 /* Products */ = {
			isa = PBXGroup;
			children = (
				60E9D01F2CB1A14E00CF7F35 /* MyColorMemoApp.app */,
			);
			name = Products;
			sourceTree = "<group>";
		};
		60E9D0212CB1A14E00CF7F35 /* MyColorMemoApp */ = {
			isa = PBXGroup;
			children = (
				60E9D0222CB1A14E00CF7F35 /* AppDelegate.swift */,
				60E9D0242CB1A14E00CF7F35 /* SceneDelegate.swift */,
				60E9D0362CB1A73500CF7F35 /* HomeViewController.swift */,
				60E9D0282CB1A14E00CF7F35 /* Main.storyboard */,
				60E9D02B2CB1A15100CF7F35 /* Assets.xcassets */,
				60E9D02D2CB1A15100CF7F35 /* LaunchScreen.storyboard */,
				60E9D0302CB1A15100CF7F35 /* Info.plist */,
				60EFD02C2CB2C6C400A012E2 /* MemoDataModel.swift */,
				60EFD02E2CB2CC1000A012E2 /* MemoDetailViewController.swift */,
				6077FEEB2CB5714600F1AFB6 /* MyColorType.swift */,
			);
			path = MyColorMemoApp;
			sourceTree = "<group>";
		};
		749F9641E74EEECF993D9A8F /* Frameworks */ = {
			isa = PBXGroup;
			children = (
				39E16247C713B19E4C605B4F /* Pods_MyColorMemoApp.framework */,
			);
			name = Frameworks;
			sourceTree = "<group>";
		};
		81FD83937522E5F0A5606C84 /* Pods */ = {
			isa = PBXGroup;
			children = (
				432479AFE039D6D6F25EFB0D /* Pods-MyColorMemoApp.debug.xcconfig */,
				91F5FFCAF9E0DADC1D8EA4EA /* Pods-MyColorMemoApp.release.xcconfig */,
			);
			path = Pods;
			sourceTree = "<group>";
		};
/* End PBXGroup section */

/* Begin PBXNativeTarget section */
		60E9D01E2CB1A14E00CF7F35 /* MyColorMemoApp */ = {
			isa = PBXNativeTarget;
			buildConfigurationList = 60E9D0332CB1A15100CF7F35 /* Build configuration list for PBXNativeTarget "MyColorMemoApp" */;
			buildPhases = (
				870887008239CBD769A142E5 /* [CP] Check Pods Manifest.lock */,
				60E9D01B2CB1A14E00CF7F35 /* Sources */,
				60E9D01C2CB1A14E00CF7F35 /* Frameworks */,
				60E9D01D2CB1A14E00CF7F35 /* Resources */,
				9D56A2603D0445197B90B59E /* [CP] Embed Pods Frameworks */,
			);
			buildRules = (
			);
			dependencies = (
			);
			name = MyColorMemoApp;
			productName = MyColorMemoApp;
			productReference = 60E9D01F2CB1A14E00CF7F35 /* MyColorMemoApp.app */;
			productType = "com.apple.product-type.application";
		};
/* End PBXNativeTarget section */

/* Begin PBXProject section */
		60E9D0172CB1A14E00CF7F35 /* Project object */ = {
			isa = PBXProject;
			attributes = {
				BuildIndependentTargetsInParallel = 1;
				LastSwiftUpdateCheck = 1540;
				LastUpgradeCheck = 1540;
				TargetAttributes = {
					60E9D01E2CB1A14E00CF7F35 = {
						CreatedOnToolsVersion = 15.4;
					};
				};
			};
			buildConfigurationList = 60E9D01A2CB1A14E00CF7F35 /* Build configuration list for PBXProject "MyColorMemoApp" */;
			compatibilityVersion = "Xcode 14.0";
			developmentRegion = en;
			hasScannedForEncodings = 0;
			knownRegions = (
				en,
				Base,
			);
			mainGroup = 60E9D0162CB1A14E00CF7F35;
			productRefGroup = 60E9D0202CB1A14E00CF7F35 /* Products */;
			projectDirPath = "";
			projectRoot = "";
			targets = (
				60E9D01E2CB1A14E00CF7F35 /* MyColorMemoApp */,
			);
		};
/* End PBXProject section */

/* Begin PBXResourcesBuildPhase section */
		60E9D01D2CB1A14E00CF7F35 /* Resources */ = {
			isa = PBXResourcesBuildPhase;
			buildActionMask = 2147483647;
			files = (
				60E9D02C2CB1A15100CF7F35 /* Assets.xcassets in Resources */,
				60E9D02F2CB1A15100CF7F35 /* Base in Resources */,
				60E9D02A2CB1A14E00CF7F35 /* Base in Resources */,
			);
			runOnlyForDeploymentPostprocessing = 0;
		};
/* End PBXResourcesBuildPhase section */

/* Begin PBXShellScriptBuildPhase section */
		870887008239CBD769A142E5 /* [CP] Check Pods Manifest.lock */ = {
			isa = PBXShellScriptBuildPhase;
			buildActionMask = 2147483647;
			files = (
			);
			inputFileListPaths = (
			);
			inputPaths = (
				"${PODS_PODFILE_DIR_PATH}/Podfile.lock",
				"${PODS_ROOT}/Manifest.lock",
			);
			name = "[CP] Check Pods Manifest.lock";
			outputFileListPaths = (
			);
			outputPaths = (
				"$(DERIVED_FILE_DIR)/Pods-MyColorMemoApp-checkManifestLockResult.txt",
			);
			runOnlyForDeploymentPostprocessing = 0;
			shellPath = /bin/sh;
			shellScript = "diff \"${PODS_PODFILE_DIR_PATH}/Podfile.lock\" \"${PODS_ROOT}/Manifest.lock\" > /dev/null\nif [ $? != 0 ] ; then\n    # print error to STDERR\n    echo \"error: The sandbox is not in sync with the Podfile.lock. Run 'pod install' or update your CocoaPods installation.\" >&2\n    exit 1\nfi\n# This output is used by Xcode 'outputs' to avoid re-running this script phase.\necho \"SUCCESS\" > \"${SCRIPT_OUTPUT_FILE_0}\"\n";
			showEnvVarsInLog = 0;
		};
		9D56A2603D0445197B90B59E /* [CP] Embed Pods Frameworks */ = {
			isa = PBXShellScriptBuildPhase;
			buildActionMask = 2147483647;
			files = (
			);
			inputFileListPaths = (
				"${PODS_ROOT}/Target Support Files/Pods-MyColorMemoApp/Pods-MyColorMemoApp-frameworks-${CONFIGURATION}-input-files.xcfilelist",
			);
			name = "[CP] Embed Pods Frameworks";
			outputFileListPaths = (
				"${PODS_ROOT}/Target Support Files/Pods-MyColorMemoApp/Pods-MyColorMemoApp-frameworks-${CONFIGURATION}-output-files.xcfilelist",
			);
			runOnlyForDeploymentPostprocessing = 0;
			shellPath = /bin/sh;
			shellScript = "\"${PODS_ROOT}/Target Support Files/Pods-MyColorMemoApp/Pods-MyColorMemoApp-frameworks.sh\"\n";
			showEnvVarsInLog = 0;
		};
/* End PBXShellScriptBuildPhase section */

/* Begin PBXSourcesBuildPhase section */
		60E9D01B2CB1A14E00CF7F35 /* Sources */ = {
			isa = PBXSourcesBuildPhase;
			buildActionMask = 2147483647;
			files = (
				60EFD02F2CB2CC1000A012E2 /* MemoDetailViewController.swift in Sources */,
				60E9D0232CB1A14E00CF7F35 /* AppDelegate.swift in Sources */,
				60E9D0252CB1A14E00CF7F35 /* SceneDelegate.swift in Sources */,
				60E9D0372CB1A73500CF7F35 /* HomeViewController.swift in Sources */,
				60EFD02D2CB2C6C400A012E2 /* MemoDataModel.swift in Sources */,
				6077FEEC2CB5714600F1AFB6 /* MyColorType.swift in Sources */,
			);
			runOnlyForDeploymentPostprocessing = 0;
		};
/* End PBXSourcesBuildPhase section */

/* Begin PBXVariantGroup section */
		60E9D0282CB1A14E00CF7F35 /* Main.storyboard */ = {
			isa = PBXVariantGroup;
			children = (
				60E9D0292CB1A14E00CF7F35 /* Base */,
			);
			name = Main.storyboard;
			sourceTree = "<group>";
		};
		60E9D02D2CB1A15100CF7F35 /* LaunchScreen.storyboard */ = {
			isa = PBXVariantGroup;
			children = (
				60E9D02E2CB1A15100CF7F35 /* Base */,
			);
			name = LaunchScreen.storyboard;
			sourceTree = "<group>";
		};
/* End PBXVariantGroup section */

/* Begin XCBuildConfiguration section */
		60E9D0312CB1A15100CF7F35 /* Debug */ = {
			isa = XCBuildConfiguration;
			buildSettings = {
				ALWAYS_SEARCH_USER_PATHS = NO;
				ASSETCATALOG_COMPILER_GENERATE_SWIFT_ASSET_SYMBOL_EXTENSIONS = YES;
				CLANG_ANALYZER_NONNULL = YES;
				CLANG_ANALYZER_NUMBER_OBJECT_CONVERSION = YES_AGGRESSIVE;
				CLANG_CXX_LANGUAGE_STANDARD = "gnu++20";
				CLANG_ENABLE_MODULES = YES;
				CLANG_ENABLE_OBJC_ARC = YES;
				CLANG_ENABLE_OBJC_WEAK = YES;
				CLANG_WARN_BLOCK_CAPTURE_AUTORELEASING = YES;
				CLANG_WARN_BOOL_CONVERSION = YES;
				CLANG_WARN_COMMA = YES;
				CLANG_WARN_CONSTANT_CONVERSION = YES;
				CLANG_WARN_DEPRECATED_OBJC_IMPLEMENTATIONS = YES;
				CLANG_WARN_DIRECT_OBJC_ISA_USAGE = YES_ERROR;
				CLANG_WARN_DOCUMENTATION_COMMENTS = YES;
				CLANG_WARN_EMPTY_BODY = YES;
				CLANG_WARN_ENUM_CONVERSION = YES;
				CLANG_WARN_INFINITE_RECURSION = YES;
				CLANG_WARN_INT_CONVERSION = YES;
				CLANG_WARN_NON_LITERAL_NULL_CONVERSION = YES;
				CLANG_WARN_OBJC_IMPLICIT_RETAIN_SELF = YES;
				CLANG_WARN_OBJC_LITERAL_CONVERSION = YES;
				CLANG_WARN_OBJC_ROOT_CLASS = YES_ERROR;
				CLANG_WARN_QUOTED_INCLUDE_IN_FRAMEWORK_HEADER = YES;
				CLANG_WARN_RANGE_LOOP_ANALYSIS = YES;
				CLANG_WARN_STRICT_PROTOTYPES = YES;
				CLANG_WARN_SUSPICIOUS_MOVE = YES;
				CLANG_WARN_UNGUARDED_AVAILABILITY = YES_AGGRESSIVE;
				CLANG_WARN_UNREACHABLE_CODE = YES;
				CLANG_WARN__DUPLICATE_METHOD_MATCH = YES;
				COPY_PHASE_STRIP = NO;
				DEBUG_INFORMATION_FORMAT = dwarf;
				ENABLE_STRICT_OBJC_MSGSEND = YES;
				ENABLE_TESTABILITY = YES;
				ENABLE_USER_SCRIPT_SANDBOXING = YES;
				GCC_C_LANGUAGE_STANDARD = gnu17;
				GCC_DYNAMIC_NO_PIC = NO;
				GCC_NO_COMMON_BLOCKS = YES;
				GCC_OPTIMIZATION_LEVEL = 0;
				GCC_PREPROCESSOR_DEFINITIONS = (
					"DEBUG=1",
					"$(inherited)",
				);
				GCC_WARN_64_TO_32_BIT_CONVERSION = YES;
				GCC_WARN_ABOUT_RETURN_TYPE = YES_ERROR;
				GCC_WARN_UNDECLARED_SELECTOR = YES;
				GCC_WARN_UNINITIALIZED_AUTOS = YES_AGGRESSIVE;
				GCC_WARN_UNUSED_FUNCTION = YES;
				GCC_WARN_UNUSED_VARIABLE = YES;
				IPHONEOS_DEPLOYMENT_TARGET = 17.5;
				LOCALIZATION_PREFERS_STRING_CATALOGS = YES;
				MTL_ENABLE_DEBUG_INFO = INCLUDE_SOURCE;
				MTL_FAST_MATH = YES;
				ONLY_ACTIVE_ARCH = YES;
				SDKROOT = iphoneos;
				SWIFT_ACTIVE_COMPILATION_CONDITIONS = "DEBUG $(inherited)";
				SWIFT_OPTIMIZATION_LEVEL = "-Onone";
			};
			name = Debug;
		};
		60E9D0322CB1A15100CF7F35 /* Release */ = {
			isa = XCBuildConfiguration;
			buildSettings = {
				ALWAYS_SEARCH_USER_PATHS = NO;
				ASSETCATALOG_COMPILER_GENERATE_SWIFT_ASSET_SYMBOL_EXTENSIONS = YES;
				CLANG_ANALYZER_NONNULL = YES;
				CLANG_ANALYZER_NUMBER_OBJECT_CONVERSION = YES_AGGRESSIVE;
				CLANG_CXX_LANGUAGE_STANDARD = "gnu++20";
				CLANG_ENABLE_MODULES = YES;
				CLANG_ENABLE_OBJC_ARC = YES;
				CLANG_ENABLE_OBJC_WEAK = YES;
				CLANG_WARN_BLOCK_CAPTURE_AUTORELEASING = YES;
				CLANG_WARN_BOOL_CONVERSION = YES;
				CLANG_WARN_COMMA = YES;
				CLANG_WARN_CONSTANT_CONVERSION = YES;
				CLANG_WARN_DEPRECATED_OBJC_IMPLEMENTATIONS = YES;
				CLANG_WARN_DIRECT_OBJC_ISA_USAGE = YES_ERROR;
				CLANG_WARN_DOCUMENTATION_COMMENTS = YES;
				CLANG_WARN_EMPTY_BODY = YES;
				CLANG_WARN_ENUM_CONVERSION = YES;
				CLANG_WARN_INFINITE_RECURSION = YES;
				CLANG_WARN_INT_CONVERSION = YES;
				CLANG_WARN_NON_LITERAL_NULL_CONVERSION = YES;
				CLANG_WARN_OBJC_IMPLICIT_RETAIN_SELF = YES;
				CLANG_WARN_OBJC_LITERAL_CONVERSION = YES;
				CLANG_WARN_OBJC_ROOT_CLASS = YES_ERROR;
				CLANG_WARN_QUOTED_INCLUDE_IN_FRAMEWORK_HEADER = YES;
				CLANG_WARN_RANGE_LOOP_ANALYSIS = YES;
				CLANG_WARN_STRICT_PROTOTYPES = YES;
				CLANG_WARN_SUSPICIOUS_MOVE = YES;
				CLANG_WARN_UNGUARDED_AVAILABILITY = YES_AGGRESSIVE;
				CLANG_WARN_UNREACHABLE_CODE = YES;
				CLANG_WARN__DUPLICATE_METHOD_MATCH = YES;
				COPY_PHASE_STRIP = NO;
				DEBUG_INFORMATION_FORMAT = "dwarf-with-dsym";
				ENABLE_NS_ASSERTIONS = NO;
				ENABLE_STRICT_OBJC_MSGSEND = YES;
				ENABLE_USER_SCRIPT_SANDBOXING = YES;
				GCC_C_LANGUAGE_STANDARD = gnu17;
				GCC_NO_COMMON_BLOCKS = YES;
				GCC_WARN_64_TO_32_BIT_CONVERSION = YES;
				GCC_WARN_ABOUT_RETURN_TYPE = YES_ERROR;
				GCC_WARN_UNDECLARED_SELECTOR = YES;
				GCC_WARN_UNINITIALIZED_AUTOS = YES_AGGRESSIVE;
				GCC_WARN_UNUSED_FUNCTION = YES;
				GCC_WARN_UNUSED_VARIABLE = YES;
				IPHONEOS_DEPLOYMENT_TARGET = 17.5;
				LOCALIZATION_PREFERS_STRING_CATALOGS = YES;
				MTL_ENABLE_DEBUG_INFO = NO;
				MTL_FAST_MATH = YES;
				SDKROOT = iphoneos;
				SWIFT_COMPILATION_MODE = wholemodule;
				VALIDATE_PRODUCT = YES;
			};
			name = Release;
		};
		60E9D0342CB1A15100CF7F35 /* Debug */ = {
			isa = XCBuildConfiguration;
			baseConfigurationReference = 432479AFE039D6D6F25EFB0D /* Pods-MyColorMemoApp.debug.xcconfig */;
			buildSettings = {
				ASSETCATALOG_COMPILER_APPICON_NAME = AppIcon;
				ASSETCATALOG_COMPILER_GLOBAL_ACCENT_COLOR_NAME = AccentColor;
				CODE_SIGN_STYLE = Automatic;
				CURRENT_PROJECT_VERSION = 1;
				DEVELOPMENT_TEAM = CA54W92NG9;
				ENABLE_USER_SCRIPT_SANDBOXING = NO;
				GENERATE_INFOPLIST_FILE = YES;
				INFOPLIST_FILE = MyColorMemoApp/Info.plist;
				INFOPLIST_KEY_UIApplicationSupportsIndirectInputEvents = YES;
				INFOPLIST_KEY_UILaunchStoryboardName = LaunchScreen;
				INFOPLIST_KEY_UIMainStoryboardFile = Main;
				INFOPLIST_KEY_UISupportedInterfaceOrientations_iPad = "UIInterfaceOrientationPortrait UIInterfaceOrientationPortraitUpsideDown UIInterfaceOrientationLandscapeLeft UIInterfaceOrientationLandscapeRight";
				INFOPLIST_KEY_UISupportedInterfaceOrientations_iPhone = "UIInterfaceOrientationPortrait UIInterfaceOrientationLandscapeLeft UIInterfaceOrientationLandscapeRight";
				LD_RUNPATH_SEARCH_PATHS = (
					"$(inherited)",
					"@executable_path/Frameworks",
				);
				MARKETING_VERSION = 1.0;
				PRODUCT_BUNDLE_IDENTIFIER = "Swift-Beginners.MyColorMemoApp";
				PRODUCT_NAME = "$(TARGET_NAME)";
				SWIFT_EMIT_LOC_STRINGS = YES;
				SWIFT_VERSION = 5.0;
				TARGETED_DEVICE_FAMILY = "1,2";
			};
			name = Debug;
		};
		60E9D0352CB1A15100CF7F35 /* Release */ = {
			isa = XCBuildConfiguration;
			baseConfigurationReference = 91F5FFCAF9E0DADC1D8EA4EA /* Pods-MyColorMemoApp.release.xcconfig */;
			buildSettings = {
				ASSETCATALOG_COMPILER_APPICON_NAME = AppIcon;
				ASSETCATALOG_COMPILER_GLOBAL_ACCENT_COLOR_NAME = AccentColor;
				CODE_SIGN_STYLE = Automatic;
				CURRENT_PROJECT_VERSION = 1;
				DEVELOPMENT_TEAM = CA54W92NG9;
				ENABLE_USER_SCRIPT_SANDBOXING = NO;
				GENERATE_INFOPLIST_FILE = YES;
				INFOPLIST_FILE = MyColorMemoApp/Info.plist;
				INFOPLIST_KEY_UIApplicationSupportsIndirectInputEvents = YES;
				INFOPLIST_KEY_UILaunchStoryboardName = LaunchScreen;
				INFOPLIST_KEY_UIMainStoryboardFile = Main;
				INFOPLIST_KEY_UISupportedInterfaceOrientations_iPad = "UIInterfaceOrientationPortrait UIInterfaceOrientationPortraitUpsideDown UIInterfaceOrientationLandscapeLeft UIInterfaceOrientationLandscapeRight";
				INFOPLIST_KEY_UISupportedInterfaceOrientations_iPhone = "UIInterfaceOrientationPortrait UIInterfaceOrientationLandscapeLeft UIInterfaceOrientationLandscapeRight";
				LD_RUNPATH_SEARCH_PATHS = (
					"$(inherited)",
					"@executable_path/Frameworks",
				);
				MARKETING_VERSION = 1.0;
				PRODUCT_BUNDLE_IDENTIFIER = "Swift-Beginners.MyColorMemoApp";
				PRODUCT_NAME = "$(TARGET_NAME)";
				SWIFT_EMIT_LOC_STRINGS = YES;
				SWIFT_VERSION = 5.0;
				TARGETED_DEVICE_FAMILY = "1,2";
			};
			name = Release;
		};
/* End XCBuildConfiguration section */

/* Begin XCConfigurationList section */
		60E9D01A2CB1A14E00CF7F35 /* Build configuration list for PBXProject "MyColorMemoApp" */ = {
			isa = XCConfigurationList;
			buildConfigurations = (
				60E9D0312CB1A15100CF7F35 /* Debug */,
				60E9D0322CB1A15100CF7F35 /* Release */,
			);
			defaultConfigurationIsVisible = 0;
			defaultConfigurationName = Release;
		};
		60E9D0332CB1A15100CF7F35 /* Build configuration list for PBXNativeTarget "MyColorMemoApp" */ = {
			isa = XCConfigurationList;
			buildConfigurations = (
				60E9D0342CB1A15100CF7F35 /* Debug */,
				60E9D0352CB1A15100CF7F35 /* Release */,
			);
			defaultConfigurationIsVisible = 0;
			defaultConfigurationName = Release;
		};
/* End XCConfigurationList section */
	};
	rootObject = 60E9D0172CB1A14E00CF7F35 /* Project object */;
}
